
Microsoft Visual Studio Solution File, Format Version 12.00
# Visual Studio Version 16
VisualStudioVersion = 16.0.29230.47
MinimumVisualStudioVersion = 10.0.40219.1
Project("{FAE04EC0-301F-11D3-BF4B-00C04F79EFBC}") = "Day2", "Day2\Day2.csproj", "{EFB9037D-80AC-4E0E-A982-0EF7ECA48C54}"
EndProject
Project("{9A19103F-16F7-4668-BE54-9A1E7A4F7556}") = "Day1", "Day1\Day1.csproj", "{3EB736CB-0E6F-481A-A85E-05B7EBC2FCCF}"
EndProject
Global
	GlobalSection(SolutionConfigurationPlatforms) = preSolution
		Debug|Any CPU = Debug|Any CPU
		Release|Any CPU = Release|Any CPU
	EndGlobalSection
	GlobalSection(ProjectConfigurationPlatforms) = postSolution
		{EFB9037D-80AC-4E0E-A982-0EF7ECA48C54}.Debug|Any CPU.ActiveCfg = Debug|Any CPU
		{EFB9037D-80AC-4E0E-A982-0EF7ECA48C54}.Debug|Any CPU.Build.0 = Debug|Any CPU
		{EFB9037D-80AC-4E0E-A982-0EF7ECA48C54}.Release|Any CPU.ActiveCfg = Release|Any CPU
		{EFB9037D-80AC-4E0E-A982-0EF7ECA48C54}.Release|Any CPU.Build.0 = Release|Any CPU
		{3EB736CB-0E6F-481A-A85E-05B7EBC2FCCF}.Debug|Any CPU.ActiveCfg = Debug|Any CPU
		{3EB736CB-0E6F-481A-A85E-05B7EBC2FCCF}.Debug|Any CPU.Build.0 = Debug|Any CPU
		{3EB736CB-0E6F-481A-A85E-05B7EBC2FCCF}.Release|Any CPU.ActiveCfg = Release|Any CPU
		{3EB736CB-0E6F-481A-A85E-05B7EBC2FCCF}.Release|Any CPU.Build.0 = Release|Any CPU
	EndGlobalSection
	GlobalSection(SolutionProperties) = preSolution
		HideSolutionNode = FALSE
	EndGlobalSection
	GlobalSection(ExtensibilityGlobals) = postSolution
		SolutionGuid = {9BA9072C-9EAB-4B4E-9BDA-561B9C7BDED6}
	EndGlobalSection
EndGlobal
